
Microsoft Visual Studio Solution File, Format Version 12.00
# Visual Studio Version 17
VisualStudioVersion = 17.13.35825.156
MinimumVisualStudioVersion = 10.0.40219.1
Project("{FAE04EC0-301F-11D3-BF4B-00C04F79EFBC}") = "PDP104", "PDP104\PDP104.csproj", "{1A63EAC3-773C-4C2D-AF65-732D27C6512E}"
EndProject
Project("{FAE04EC0-301F-11D3-BF4B-00C04F79EFBC}") = "Client", "Client\Client.csproj", "{7049404A-8BE0-40B8-8886-795AFB5CB5E2}"
EndProject
Project("{FAE04EC0-301F-11D3-BF4B-00C04F79EFBC}") = "User", "User\User.csproj", "{D4122C6E-3EB4-4D2F-9B77-2C7066011A9E}"
EndProject
Global
	GlobalSection(SolutionConfigurationPlatforms) = preSolution
		Debug|Any CPU = Debug|Any CPU
		Release|Any CPU = Release|Any CPU
	EndGlobalSection
	GlobalSection(ProjectConfigurationPlatforms) = postSolution
		{1A63EAC3-773C-4C2D-AF65-732D27C6512E}.Debug|Any CPU.ActiveCfg = Debug|Any CPU
		{1A63EAC3-773C-4C2D-AF65-732D27C6512E}.Debug|Any CPU.Build.0 = Debug|Any CPU
		{1A63EAC3-773C-4C2D-AF65-732D27C6512E}.Release|Any CPU.ActiveCfg = Release|Any CPU
		{1A63EAC3-773C-4C2D-AF65-732D27C6512E}.Release|Any CPU.Build.0 = Release|Any CPU
		{7049404A-8BE0-40B8-8886-795AFB5CB5E2}.Debug|Any CPU.ActiveCfg = Debug|Any CPU
		{7049404A-8BE0-40B8-8886-795AFB5CB5E2}.Debug|Any CPU.Build.0 = Debug|Any CPU
		{7049404A-8BE0-40B8-8886-795AFB5CB5E2}.Release|Any CPU.ActiveCfg = Release|Any CPU
		{7049404A-8BE0-40B8-8886-795AFB5CB5E2}.Release|Any CPU.Build.0 = Release|Any CPU
		{D4122C6E-3EB4-4D2F-9B77-2C7066011A9E}.Debug|Any CPU.ActiveCfg = Debug|Any CPU
		{D4122C6E-3EB4-4D2F-9B77-2C7066011A9E}.Debug|Any CPU.Build.0 = Debug|Any CPU
		{D4122C6E-3EB4-4D2F-9B77-2C7066011A9E}.Release|Any CPU.ActiveCfg = Release|Any CPU
		{D4122C6E-3EB4-4D2F-9B77-2C7066011A9E}.Release|Any CPU.Build.0 = Release|Any CPU
	EndGlobalSection
	GlobalSection(SolutionProperties) = preSolution
		HideSolutionNode = FALSE
	EndGlobalSection
	GlobalSection(ExtensibilityGlobals) = postSolution
		SolutionGuid = {24355F59-A1C3-43C5-8A4E-7E2A8BA6C75B}
	EndGlobalSection
EndGlobal
